
Microsoft Visual Studio Solution File, Format Version 12.00
# Visual Studio 15
VisualStudioVersion = 15.0.27004.2005
MinimumVisualStudioVersion = 10.0.40219.1
Project("{FAE04EC0-301F-11D3-BF4B-00C04F79EFBC}") = "POP-20-2016-GUI", "POP-20-2016-GUI.csproj", "{59FA9922-E45D-4441-8B72-F4F9DB200491}"
EndProject
Global
	GlobalSection(SolutionConfigurationPlatforms) = preSolution
		Debug|Any CPU = Debug|Any CPU
		Release|Any CPU = Release|Any CPU
	EndGlobalSection
	GlobalSection(ProjectConfigurationPlatforms) = postSolution
		{59FA9922-E45D-4441-8B72-F4F9DB200491}.Debug|Any CPU.ActiveCfg = Debug|Any CPU
		{59FA9922-E45D-4441-8B72-F4F9DB200491}.Debug|Any CPU.Build.0 = Debug|Any CPU
		{59FA9922-E45D-4441-8B72-F4F9DB200491}.Release|Any CPU.ActiveCfg = Release|Any CPU
		{59FA9922-E45D-4441-8B72-F4F9DB200491}.Release|Any CPU.Build.0 = Release|Any CPU
	EndGlobalSection
	GlobalSection(SolutionProperties) = preSolution
		HideSolutionNode = FALSE
	EndGlobalSection
	GlobalSection(ExtensibilityGlobals) = postSolution
		SolutionGuid = {CD4BD30D-001C-4714-BCED-EC0DCE15161F}
	EndGlobalSection
EndGlobal
