
Microsoft Visual Studio Solution File, Format Version 12.00
# Visual Studio 15
VisualStudioVersion = 15.0.26730.16
MinimumVisualStudioVersion = 10.0.40219.1
Project("{FAE04EC0-301F-11D3-BF4B-00C04F79EFBC}") = "SF_20_2016", "SF_20_2016\SF_20_2016.csproj", "{48D85C40-1C82-40E1-BF00-AABC72F15337}"
EndProject
Global
	GlobalSection(SolutionConfigurationPlatforms) = preSolution
		Debug|Any CPU = Debug|Any CPU
		Release|Any CPU = Release|Any CPU
	EndGlobalSection
	GlobalSection(ProjectConfigurationPlatforms) = postSolution
		{48D85C40-1C82-40E1-BF00-AABC72F15337}.Debug|Any CPU.ActiveCfg = Debug|Any CPU
		{48D85C40-1C82-40E1-BF00-AABC72F15337}.Debug|Any CPU.Build.0 = Debug|Any CPU
		{48D85C40-1C82-40E1-BF00-AABC72F15337}.Release|Any CPU.ActiveCfg = Release|Any CPU
		{48D85C40-1C82-40E1-BF00-AABC72F15337}.Release|Any CPU.Build.0 = Release|Any CPU
	EndGlobalSection
	GlobalSection(SolutionProperties) = preSolution
		HideSolutionNode = FALSE
	EndGlobalSection
	GlobalSection(ExtensibilityGlobals) = postSolution
		SolutionGuid = {610789A7-3B5A-4A29-9509-C4438DF28B2F}
	EndGlobalSection
EndGlobal
